
Microsoft Visual Studio Solution File, Format Version 12.00
# Visual Studio Version 17
VisualStudioVersion = 17.8.34330.188
MinimumVisualStudioVersion = 10.0.40219.1
Project("{FAE04EC0-301F-11D3-BF4B-00C04F79EFBC}") = "pulCurrency", "pulCurrency.csproj", "{F08BD3BC-BDDC-4F1E-9F01-E9A17A430599}"
EndProject
Global
	GlobalSection(SolutionConfigurationPlatforms) = preSolution
		Debug|Any CPU = Debug|Any CPU
		Release|Any CPU = Release|Any CPU
	EndGlobalSection
	GlobalSection(ProjectConfigurationPlatforms) = postSolution
		{F08BD3BC-BDDC-4F1E-9F01-E9A17A430599}.Debug|Any CPU.ActiveCfg = Debug|Any CPU
		{F08BD3BC-BDDC-4F1E-9F01-E9A17A430599}.Debug|Any CPU.Build.0 = Debug|Any CPU
		{F08BD3BC-BDDC-4F1E-9F01-E9A17A430599}.Release|Any CPU.ActiveCfg = Release|Any CPU
		{F08BD3BC-BDDC-4F1E-9F01-E9A17A430599}.Release|Any CPU.Build.0 = Release|Any CPU
	EndGlobalSection
	GlobalSection(SolutionProperties) = preSolution
		HideSolutionNode = FALSE
	EndGlobalSection
	GlobalSection(ExtensibilityGlobals) = postSolution
		SolutionGuid = {E9921266-668A-46C9-9D41-65A7468126AD}
	EndGlobalSection
EndGlobal
